// !$*UTF8*$!
{
	archiveVersion = 1;
	classes = {
	};
	objectVersion = 77;
	objects = {

/* Begin PBXBuildFile section */
		3728CAF92E5DA4F600D3DC98 /* SplashViewController.swift in Sources */ = {isa = PBXBuildFile; fileRef = 3728CAF82E5DA4F600D3DC98 /* SplashViewController.swift */; };
		3728CAFB2E5DA4FE00D3DC98 /* SplashView.swift in Sources */ = {isa = PBXBuildFile; fileRef = 3728CAFA2E5DA4FE00D3DC98 /* SplashView.swift */; };
		37423E0B2E6E07DB00BE4D46 /* TimeSelectionBottomSheetView.swift in Sources */ = {isa = PBXBuildFile; fileRef = 37423E0A2E6E07DB00BE4D46 /* TimeSelectionBottomSheetView.swift */; };
		37423E0D2E6E07E600BE4D46 /* TimeSelectionBottomSheetViewController.swift in Sources */ = {isa = PBXBuildFile; fileRef = 37423E0C2E6E07E600BE4D46 /* TimeSelectionBottomSheetViewController.swift */; };
		37423E0F2E6E07F900BE4D46 /* TimeSelectionBottomSheetReactor.swift in Sources */ = {isa = PBXBuildFile; fileRef = 37423E0E2E6E07F900BE4D46 /* TimeSelectionBottomSheetReactor.swift */; };
		37423E142E6F44A400BE4D46 /* NotificationSettingAlertView.swift in Sources */ = {isa = PBXBuildFile; fileRef = 37423E132E6F44A400BE4D46 /* NotificationSettingAlertView.swift */; };
		37423E162E6F44FC00BE4D46 /* NotificationSettingAlertViewController.swift in Sources */ = {isa = PBXBuildFile; fileRef = 37423E152E6F44FC00BE4D46 /* NotificationSettingAlertViewController.swift */; };
		37423E182E6F451300BE4D46 /* NotificationSettingAlertReactor.swift in Sources */ = {isa = PBXBuildFile; fileRef = 37423E172E6F451300BE4D46 /* NotificationSettingAlertReactor.swift */; };
		37423E1B2E7038D000BE4D46 /* HomeDetailView.swift in Sources */ = {isa = PBXBuildFile; fileRef = 37423E1A2E7038D000BE4D46 /* HomeDetailView.swift */; };
		37423E1D2E7038D900BE4D46 /* HomeDetailCell.swift in Sources */ = {isa = PBXBuildFile; fileRef = 37423E1C2E7038D900BE4D46 /* HomeDetailCell.swift */; };
		37423E1F2E70391B00BE4D46 /* HomeDetailViewController.swift in Sources */ = {isa = PBXBuildFile; fileRef = 37423E1E2E70391B00BE4D46 /* HomeDetailViewController.swift */; };
		37423E212E70393900BE4D46 /* HomeDetailReactor.swift in Sources */ = {isa = PBXBuildFile; fileRef = 37423E202E70393900BE4D46 /* HomeDetailReactor.swift */; };
		37423E2A2E72F11300BE4D46 /* ExchangeEstimateComparisonBottomSheetViewController.swift in Sources */ = {isa = PBXBuildFile; fileRef = 37423E292E72F11300BE4D46 /* ExchangeEstimateComparisonBottomSheetViewController.swift */; };
		37423E2C2E72F12E00BE4D46 /* ExchangeEstimateComparisonBottomSheetView.swift in Sources */ = {isa = PBXBuildFile; fileRef = 37423E2B2E72F12E00BE4D46 /* ExchangeEstimateComparisonBottomSheetView.swift */; };
		37423E2E2E72F13E00BE4D46 /* ExchangeEstimateComparisonBottomSheetReactor.swift in Sources */ = {isa = PBXBuildFile; fileRef = 37423E2D2E72F13E00BE4D46 /* ExchangeEstimateComparisonBottomSheetReactor.swift */; };
		37423E312E7420E800BE4D46 /* ExchangeEstimateComparisonView.swift in Sources */ = {isa = PBXBuildFile; fileRef = 37423E302E7420E800BE4D46 /* ExchangeEstimateComparisonView.swift */; };
		37423E332E7420F200BE4D46 /* ExchangeEstimateComparisonViewController.swift in Sources */ = {isa = PBXBuildFile; fileRef = 37423E322E7420F200BE4D46 /* ExchangeEstimateComparisonViewController.swift */; };
		37423E352E7420FF00BE4D46 /* ExchangeEstimateComparisonReactor.swift in Sources */ = {isa = PBXBuildFile; fileRef = 37423E342E7420FF00BE4D46 /* ExchangeEstimateComparisonReactor.swift */; };
		37426A832E604D00000A7C74 /* HomeCell.swift in Sources */ = {isa = PBXBuildFile; fileRef = 37426A822E604D00000A7C74 /* HomeCell.swift */; };
		37426A852E617A1D000A7C74 /* UILabel+Extension.swift in Sources */ = {isa = PBXBuildFile; fileRef = 37426A842E617A1D000A7C74 /* UILabel+Extension.swift */; };
		37426A8A2E62C518000A7C74 /* NotificationCell.swift in Sources */ = {isa = PBXBuildFile; fileRef = 37426A892E62C518000A7C74 /* NotificationCell.swift */; };
		37426A8C2E62C522000A7C74 /* NotificationView.swift in Sources */ = {isa = PBXBuildFile; fileRef = 37426A8B2E62C522000A7C74 /* NotificationView.swift */; };
		37426A8E2E62C534000A7C74 /* NotificationViewController.swift in Sources */ = {isa = PBXBuildFile; fileRef = 37426A8D2E62C534000A7C74 /* NotificationViewController.swift */; };
		37426A902E62D571000A7C74 /* HomeReactor.swift in Sources */ = {isa = PBXBuildFile; fileRef = 37426A8F2E62D571000A7C74 /* HomeReactor.swift */; };
		37426A922E62E511000A7C74 /* NotificationReactor.swift in Sources */ = {isa = PBXBuildFile; fileRef = 37426A912E62E511000A7C74 /* NotificationReactor.swift */; };
		37426A952E62EC49000A7C74 /* NotificationSettingViewController.swift in Sources */ = {isa = PBXBuildFile; fileRef = 37426A942E62EC49000A7C74 /* NotificationSettingViewController.swift */; };
		37426A972E62EC6A000A7C74 /* NotificationSettingView.swift in Sources */ = {isa = PBXBuildFile; fileRef = 37426A962E62EC69000A7C74 /* NotificationSettingView.swift */; };
		37426AAD2E64995B000A7C74 /* NotificationHeaderView.swift in Sources */ = {isa = PBXBuildFile; fileRef = 37426AAC2E64995B000A7C74 /* NotificationHeaderView.swift */; };
		37426AAF2E65A222000A7C74 /* NotificationSettingReactor.swift in Sources */ = {isa = PBXBuildFile; fileRef = 37426AAE2E65A222000A7C74 /* NotificationSettingReactor.swift */; };
		37426ADA2E687AA4000A7C74 /* BaseBottomSheetView.swift in Sources */ = {isa = PBXBuildFile; fileRef = 37426AD92E687AA4000A7C74 /* BaseBottomSheetView.swift */; };
		37426AE02E69BE25000A7C74 /* TargetRateBottomSheetView.swift in Sources */ = {isa = PBXBuildFile; fileRef = 37426ADF2E69BE25000A7C74 /* TargetRateBottomSheetView.swift */; };
		37426AE22E69C2A8000A7C74 /* TargetRateBottomSheetViewController.swift in Sources */ = {isa = PBXBuildFile; fileRef = 37426AE12E69C2A8000A7C74 /* TargetRateBottomSheetViewController.swift */; };
		37426AE42E69D228000A7C74 /* TargetRateBottomSheetReactor.swift in Sources */ = {isa = PBXBuildFile; fileRef = 37426AE32E69D228000A7C74 /* TargetRateBottomSheetReactor.swift */; };
		37426AE72E6B582A000A7C74 /* IQKeyboardManagerSwift in Frameworks */ = {isa = PBXBuildFile; productRef = 37426AE62E6B582A000A7C74 /* IQKeyboardManagerSwift */; };
		37D1B11E2E5DB99F000732A3 /* LoginViewController.swift in Sources */ = {isa = PBXBuildFile; fileRef = 37D1B11D2E5DB99F000732A3 /* LoginViewController.swift */; };
		37D1B1202E5DB9A9000732A3 /* LoginView.swift in Sources */ = {isa = PBXBuildFile; fileRef = 37D1B11F2E5DB9A9000732A3 /* LoginView.swift */; };
		37E1C5102E5B454A00D9D687 /* SnapKit in Frameworks */ = {isa = PBXBuildFile; productRef = 37E1C50F2E5B454A00D9D687 /* SnapKit */; };
		37E1C5132E5B455900D9D687 /* Then in Frameworks */ = {isa = PBXBuildFile; productRef = 37E1C5122E5B455900D9D687 /* Then */; };
		37E1C5162E5B457200D9D687 /* Alamofire in Frameworks */ = {isa = PBXBuildFile; productRef = 37E1C5152E5B457200D9D687 /* Alamofire */; };
		37E1C5192E5B45AB00D9D687 /* RxCocoa in Frameworks */ = {isa = PBXBuildFile; productRef = 37E1C5182E5B45AB00D9D687 /* RxCocoa */; };
		37E1C51B2E5B45AB00D9D687 /* RxSwift in Frameworks */ = {isa = PBXBuildFile; productRef = 37E1C51A2E5B45AB00D9D687 /* RxSwift */; };
		37E1C51E2E5B45BB00D9D687 /* ReactorKit in Frameworks */ = {isa = PBXBuildFile; productRef = 37E1C51D2E5B45BB00D9D687 /* ReactorKit */; };
		37E1C5212E5B45CB00D9D687 /* Kingfisher in Frameworks */ = {isa = PBXBuildFile; productRef = 37E1C5202E5B45CB00D9D687 /* Kingfisher */; };
		37E1C5242E5B45FA00D9D687 /* DGCharts in Frameworks */ = {isa = PBXBuildFile; productRef = 37E1C5232E5B45FA00D9D687 /* DGCharts */; };
		37E1C52D2E5B4B5200D9D687 /* AppDelegate.swift in Sources */ = {isa = PBXBuildFile; fileRef = 37E1C5252E5B4B5200D9D687 /* AppDelegate.swift */; };
		37E1C52E2E5B4B5200D9D687 /* SceneDelegate.swift in Sources */ = {isa = PBXBuildFile; fileRef = 37E1C52A2E5B4B5200D9D687 /* SceneDelegate.swift */; };
		37E1C5302E5B4B5200D9D687 /* Assets.xcassets in Resources */ = {isa = PBXBuildFile; fileRef = 37E1C5262E5B4B5200D9D687 /* Assets.xcassets */; };
		37E1C5322E5B4B5200D9D687 /* LaunchScreen.storyboard in Resources */ = {isa = PBXBuildFile; fileRef = 37E1C5292E5B4B5200D9D687 /* LaunchScreen.storyboard */; };
		37E1C5342E5B4B6700D9D687 /* .gitignore in Resources */ = {isa = PBXBuildFile; fileRef = 37E1C5332E5B4B6700D9D687 /* .gitignore */; };
		37E1C5392E5B4D1400D9D687 /* .swiftlint.yml in Resources */ = {isa = PBXBuildFile; fileRef = 37E1C5382E5B4D1400D9D687 /* .swiftlint.yml */; };
		37E1C5402E5B4E9000D9D687 /* HomeViewController.swift in Sources */ = {isa = PBXBuildFile; fileRef = 37E1C53F2E5B4E9000D9D687 /* HomeViewController.swift */; };
		37E1C5422E5B4EBB00D9D687 /* HomeView.swift in Sources */ = {isa = PBXBuildFile; fileRef = 37E1C5412E5B4EBB00D9D687 /* HomeView.swift */; };
		37E1C5472E5B4FFA00D9D687 /* BaseView.swift in Sources */ = {isa = PBXBuildFile; fileRef = 37E1C5462E5B4FFA00D9D687 /* BaseView.swift */; };
		37E1C54B2E5B522A00D9D687 /* BaseTableViewCell.swift in Sources */ = {isa = PBXBuildFile; fileRef = 37E1C54A2E5B522A00D9D687 /* BaseTableViewCell.swift */; };
		37E1C5592E5C58B500D9D687 /* UIFont+Extension.swift in Sources */ = {isa = PBXBuildFile; fileRef = 37E1C5582E5C58B500D9D687 /* UIFont+Extension.swift */; };
		37E1C5642E5C59BE00D9D687 /* Pretendard-ExtraBold.otf in Resources */ = {isa = PBXBuildFile; fileRef = 37E1C55D2E5C59BE00D9D687 /* Pretendard-ExtraBold.otf */; };
		37E1C5652E5C59BE00D9D687 /* Pretendard-Medium.otf in Resources */ = {isa = PBXBuildFile; fileRef = 37E1C5602E5C59BE00D9D687 /* Pretendard-Medium.otf */; };
		37E1C5662E5C59BE00D9D687 /* Pretendard-Light.otf in Resources */ = {isa = PBXBuildFile; fileRef = 37E1C55F2E5C59BE00D9D687 /* Pretendard-Light.otf */; };
		37E1C5672E5C59BE00D9D687 /* Pretendard-Regular.otf in Resources */ = {isa = PBXBuildFile; fileRef = 37E1C5612E5C59BE00D9D687 /* Pretendard-Regular.otf */; };
		37E1C5682E5C59BE00D9D687 /* Pretendard-Black.otf in Resources */ = {isa = PBXBuildFile; fileRef = 37E1C55B2E5C59BE00D9D687 /* Pretendard-Black.otf */; };
		37E1C5692E5C59BE00D9D687 /* Pretendard-SemiBold.otf in Resources */ = {isa = PBXBuildFile; fileRef = 37E1C5622E5C59BE00D9D687 /* Pretendard-SemiBold.otf */; };
		37E1C56A2E5C59BE00D9D687 /* Pretendard-Bold.otf in Resources */ = {isa = PBXBuildFile; fileRef = 37E1C55C2E5C59BE00D9D687 /* Pretendard-Bold.otf */; };
		37E1C56B2E5C59BE00D9D687 /* Pretendard-ExtraLight.otf in Resources */ = {isa = PBXBuildFile; fileRef = 37E1C55E2E5C59BE00D9D687 /* Pretendard-ExtraLight.otf */; };
		37E1C56C2E5C59BE00D9D687 /* Pretendard-Thin.otf in Resources */ = {isa = PBXBuildFile; fileRef = 37E1C5632E5C59BE00D9D687 /* Pretendard-Thin.otf */; };
		37E1C5702E5C63C100D9D687 /* TabBarViewController.swift in Sources */ = {isa = PBXBuildFile; fileRef = 37E1C56F2E5C63C100D9D687 /* TabBarViewController.swift */; };
		D63BD2492E7708A400918E5E /* NewsNetworkService.swift in Sources */ = {isa = PBXBuildFile; fileRef = D63BD2482E77089D00918E5E /* NewsNetworkService.swift */; };
		D63BD2762E79CF5E00918E5E /* Config.xcconfig in Resources */ = {isa = PBXBuildFile; fileRef = D63BD2752E79CF5E00918E5E /* Config.xcconfig */; };
		D63BD2792E79CFEF00918E5E /* ProfileCell.swift in Sources */ = {isa = PBXBuildFile; fileRef = D63BD2782E79CFEF00918E5E /* ProfileCell.swift */; };
		D63BD27B2E79CFFA00918E5E /* ProfileView.swift in Sources */ = {isa = PBXBuildFile; fileRef = D63BD27A2E79CFFA00918E5E /* ProfileView.swift */; };
		D63BD27D2E79D00800918E5E /* ProfileViewController.swift in Sources */ = {isa = PBXBuildFile; fileRef = D63BD27C2E79D00800918E5E /* ProfileViewController.swift */; };
		D63BD2812E79D05300918E5E /* PrivacyPolicyViewController.swift in Sources */ = {isa = PBXBuildFile; fileRef = D63BD2802E79D05300918E5E /* PrivacyPolicyViewController.swift */; };
		D63BD2832E79D05D00918E5E /* PrivacyPolicyView.swift in Sources */ = {isa = PBXBuildFile; fileRef = D63BD2822E79D05D00918E5E /* PrivacyPolicyView.swift */; };
		D63BD2862E79D08700918E5E /* OpenSourceLicenseViewController.swift in Sources */ = {isa = PBXBuildFile; fileRef = D63BD2852E79D08700918E5E /* OpenSourceLicenseViewController.swift */; };
		D63BD2882E79D09700918E5E /* OpenSourceLicenseView.swift in Sources */ = {isa = PBXBuildFile; fileRef = D63BD2872E79D09600918E5E /* OpenSourceLicenseView.swift */; };
		D63BD28A2E79D0CD00918E5E /* LogoutViewController.swift in Sources */ = {isa = PBXBuildFile; fileRef = D63BD2892E79D0CD00918E5E /* LogoutViewController.swift */; };
		D63BD28C2E79D0DC00918E5E /* LogoutView.swift in Sources */ = {isa = PBXBuildFile; fileRef = D63BD28B2E79D0DC00918E5E /* LogoutView.swift */; };
		D63BD28F2E79D10B00918E5E /* WithdrawalViewController.swift in Sources */ = {isa = PBXBuildFile; fileRef = D63BD28E2E79D10B00918E5E /* WithdrawalViewController.swift */; };
		D63BD2912E79D11500918E5E /* WithdrawalView.swift in Sources */ = {isa = PBXBuildFile; fileRef = D63BD2902E79D11500918E5E /* WithdrawalView.swift */; };
		D63BD2942E79D15A00918E5E /* FeedbackViewController.swift in Sources */ = {isa = PBXBuildFile; fileRef = D63BD2932E79D15A00918E5E /* FeedbackViewController.swift */; };
		D6ADCF6F2E74653200A95D89 /* NewsCell.swift in Sources */ = {isa = PBXBuildFile; fileRef = D6ADCF6E2E74653200A95D89 /* NewsCell.swift */; };
		D6ADCF712E74655700A95D89 /* NewsView.swift in Sources */ = {isa = PBXBuildFile; fileRef = D6ADCF702E74655700A95D89 /* NewsView.swift */; };
		D6ADCF732E7467C500A95D89 /* NewsViewController.swift in Sources */ = {isa = PBXBuildFile; fileRef = D6ADCF722E7467C500A95D89 /* NewsViewController.swift */; };
		D6ADCF792E75671A00A95D89 /* NewsModel.swift in Sources */ = {isa = PBXBuildFile; fileRef = D6ADCF782E75671A00A95D89 /* NewsModel.swift */; };
		D6B060182E7A039E00BBB385 /* ProfileNetworkService.swift in Sources */ = {isa = PBXBuildFile; fileRef = D6B060172E7A039C00BBB385 /* ProfileNetworkService.swift */; };
/* End PBXBuildFile section */

/* Begin PBXFileReference section */
		3728CAF82E5DA4F600D3DC98 /* SplashViewController.swift */ = {isa = PBXFileReference; lastKnownFileType = sourcecode.swift; path = SplashViewController.swift; sourceTree = "<group>"; };
		3728CAFA2E5DA4FE00D3DC98 /* SplashView.swift */ = {isa = PBXFileReference; lastKnownFileType = sourcecode.swift; path = SplashView.swift; sourceTree = "<group>"; };
		37423E0A2E6E07DB00BE4D46 /* TimeSelectionBottomSheetView.swift */ = {isa = PBXFileReference; lastKnownFileType = sourcecode.swift; path = TimeSelectionBottomSheetView.swift; sourceTree = "<group>"; };
		37423E0C2E6E07E600BE4D46 /* TimeSelectionBottomSheetViewController.swift */ = {isa = PBXFileReference; lastKnownFileType = sourcecode.swift; path = TimeSelectionBottomSheetViewController.swift; sourceTree = "<group>"; };
		37423E0E2E6E07F900BE4D46 /* TimeSelectionBottomSheetReactor.swift */ = {isa = PBXFileReference; lastKnownFileType = sourcecode.swift; path = TimeSelectionBottomSheetReactor.swift; sourceTree = "<group>"; };
		37423E132E6F44A400BE4D46 /* NotificationSettingAlertView.swift */ = {isa = PBXFileReference; lastKnownFileType = sourcecode.swift; path = NotificationSettingAlertView.swift; sourceTree = "<group>"; };
		37423E152E6F44FC00BE4D46 /* NotificationSettingAlertViewController.swift */ = {isa = PBXFileReference; lastKnownFileType = sourcecode.swift; path = NotificationSettingAlertViewController.swift; sourceTree = "<group>"; };
		37423E172E6F451300BE4D46 /* NotificationSettingAlertReactor.swift */ = {isa = PBXFileReference; lastKnownFileType = sourcecode.swift; path = NotificationSettingAlertReactor.swift; sourceTree = "<group>"; };
		37423E1A2E7038D000BE4D46 /* HomeDetailView.swift */ = {isa = PBXFileReference; lastKnownFileType = sourcecode.swift; path = HomeDetailView.swift; sourceTree = "<group>"; };
		37423E1C2E7038D900BE4D46 /* HomeDetailCell.swift */ = {isa = PBXFileReference; lastKnownFileType = sourcecode.swift; path = HomeDetailCell.swift; sourceTree = "<group>"; };
		37423E1E2E70391B00BE4D46 /* HomeDetailViewController.swift */ = {isa = PBXFileReference; lastKnownFileType = sourcecode.swift; path = HomeDetailViewController.swift; sourceTree = "<group>"; };
		37423E202E70393900BE4D46 /* HomeDetailReactor.swift */ = {isa = PBXFileReference; lastKnownFileType = sourcecode.swift; path = HomeDetailReactor.swift; sourceTree = "<group>"; };
		37423E292E72F11300BE4D46 /* ExchangeEstimateComparisonBottomSheetViewController.swift */ = {isa = PBXFileReference; lastKnownFileType = sourcecode.swift; path = ExchangeEstimateComparisonBottomSheetViewController.swift; sourceTree = "<group>"; };
		37423E2B2E72F12E00BE4D46 /* ExchangeEstimateComparisonBottomSheetView.swift */ = {isa = PBXFileReference; lastKnownFileType = sourcecode.swift; path = ExchangeEstimateComparisonBottomSheetView.swift; sourceTree = "<group>"; };
		37423E2D2E72F13E00BE4D46 /* ExchangeEstimateComparisonBottomSheetReactor.swift */ = {isa = PBXFileReference; lastKnownFileType = sourcecode.swift; path = ExchangeEstimateComparisonBottomSheetReactor.swift; sourceTree = "<group>"; };
		37423E302E7420E800BE4D46 /* ExchangeEstimateComparisonView.swift */ = {isa = PBXFileReference; lastKnownFileType = sourcecode.swift; path = ExchangeEstimateComparisonView.swift; sourceTree = "<group>"; };
		37423E322E7420F200BE4D46 /* ExchangeEstimateComparisonViewController.swift */ = {isa = PBXFileReference; lastKnownFileType = sourcecode.swift; path = ExchangeEstimateComparisonViewController.swift; sourceTree = "<group>"; };
		37423E342E7420FF00BE4D46 /* ExchangeEstimateComparisonReactor.swift */ = {isa = PBXFileReference; lastKnownFileType = sourcecode.swift; path = ExchangeEstimateComparisonReactor.swift; sourceTree = "<group>"; };
		37426A822E604D00000A7C74 /* HomeCell.swift */ = {isa = PBXFileReference; lastKnownFileType = sourcecode.swift; path = HomeCell.swift; sourceTree = "<group>"; };
		37426A842E617A1D000A7C74 /* UILabel+Extension.swift */ = {isa = PBXFileReference; lastKnownFileType = sourcecode.swift; path = "UILabel+Extension.swift"; sourceTree = "<group>"; };
		37426A892E62C518000A7C74 /* NotificationCell.swift */ = {isa = PBXFileReference; lastKnownFileType = sourcecode.swift; path = NotificationCell.swift; sourceTree = "<group>"; };
		37426A8B2E62C522000A7C74 /* NotificationView.swift */ = {isa = PBXFileReference; lastKnownFileType = sourcecode.swift; path = NotificationView.swift; sourceTree = "<group>"; };
		37426A8D2E62C534000A7C74 /* NotificationViewController.swift */ = {isa = PBXFileReference; lastKnownFileType = sourcecode.swift; path = NotificationViewController.swift; sourceTree = "<group>"; };
		37426A8F2E62D571000A7C74 /* HomeReactor.swift */ = {isa = PBXFileReference; lastKnownFileType = sourcecode.swift; path = HomeReactor.swift; sourceTree = "<group>"; };
		37426A912E62E511000A7C74 /* NotificationReactor.swift */ = {isa = PBXFileReference; lastKnownFileType = sourcecode.swift; path = NotificationReactor.swift; sourceTree = "<group>"; };
		37426A942E62EC49000A7C74 /* NotificationSettingViewController.swift */ = {isa = PBXFileReference; lastKnownFileType = sourcecode.swift; path = NotificationSettingViewController.swift; sourceTree = "<group>"; };
		37426A962E62EC69000A7C74 /* NotificationSettingView.swift */ = {isa = PBXFileReference; lastKnownFileType = sourcecode.swift; path = NotificationSettingView.swift; sourceTree = "<group>"; };
		37426AAC2E64995B000A7C74 /* NotificationHeaderView.swift */ = {isa = PBXFileReference; lastKnownFileType = sourcecode.swift; path = NotificationHeaderView.swift; sourceTree = "<group>"; };
		37426AAE2E65A222000A7C74 /* NotificationSettingReactor.swift */ = {isa = PBXFileReference; lastKnownFileType = sourcecode.swift; path = NotificationSettingReactor.swift; sourceTree = "<group>"; };
		37426AD92E687AA4000A7C74 /* BaseBottomSheetView.swift */ = {isa = PBXFileReference; lastKnownFileType = sourcecode.swift; path = BaseBottomSheetView.swift; sourceTree = "<group>"; };
		37426ADF2E69BE25000A7C74 /* TargetRateBottomSheetView.swift */ = {isa = PBXFileReference; lastKnownFileType = sourcecode.swift; path = TargetRateBottomSheetView.swift; sourceTree = "<group>"; };
		37426AE12E69C2A8000A7C74 /* TargetRateBottomSheetViewController.swift */ = {isa = PBXFileReference; lastKnownFileType = sourcecode.swift; path = TargetRateBottomSheetViewController.swift; sourceTree = "<group>"; };
		37426AE32E69D228000A7C74 /* TargetRateBottomSheetReactor.swift */ = {isa = PBXFileReference; lastKnownFileType = sourcecode.swift; path = TargetRateBottomSheetReactor.swift; sourceTree = "<group>"; };
		37D1B11D2E5DB99F000732A3 /* LoginViewController.swift */ = {isa = PBXFileReference; lastKnownFileType = sourcecode.swift; path = LoginViewController.swift; sourceTree = "<group>"; };
		37D1B11F2E5DB9A9000732A3 /* LoginView.swift */ = {isa = PBXFileReference; lastKnownFileType = sourcecode.swift; path = LoginView.swift; sourceTree = "<group>"; };
		37E1C4F62E5B444500D9D687 /* HwanYulMate.app */ = {isa = PBXFileReference; explicitFileType = wrapper.application; includeInIndex = 0; path = HwanYulMate.app; sourceTree = BUILT_PRODUCTS_DIR; };
		37E1C5252E5B4B5200D9D687 /* AppDelegate.swift */ = {isa = PBXFileReference; lastKnownFileType = sourcecode.swift; path = AppDelegate.swift; sourceTree = "<group>"; };
		37E1C5262E5B4B5200D9D687 /* Assets.xcassets */ = {isa = PBXFileReference; lastKnownFileType = folder.assetcatalog; path = Assets.xcassets; sourceTree = "<group>"; };
		37E1C5272E5B4B5200D9D687 /* Info.plist */ = {isa = PBXFileReference; lastKnownFileType = text.plist.xml; path = Info.plist; sourceTree = "<group>"; };
		37E1C5282E5B4B5200D9D687 /* Base */ = {isa = PBXFileReference; lastKnownFileType = file.storyboard; name = Base; path = Base.lproj/LaunchScreen.storyboard; sourceTree = "<group>"; };
		37E1C52A2E5B4B5200D9D687 /* SceneDelegate.swift */ = {isa = PBXFileReference; lastKnownFileType = sourcecode.swift; path = SceneDelegate.swift; sourceTree = "<group>"; };
		37E1C5332E5B4B6700D9D687 /* .gitignore */ = {isa = PBXFileReference; lastKnownFileType = text; path = .gitignore; sourceTree = "<group>"; };
		37E1C5382E5B4D1400D9D687 /* .swiftlint.yml */ = {isa = PBXFileReference; lastKnownFileType = text.yaml; path = .swiftlint.yml; sourceTree = "<group>"; };
		37E1C53F2E5B4E9000D9D687 /* HomeViewController.swift */ = {isa = PBXFileReference; lastKnownFileType = sourcecode.swift; path = HomeViewController.swift; sourceTree = "<group>"; };
		37E1C5412E5B4EBB00D9D687 /* HomeView.swift */ = {isa = PBXFileReference; lastKnownFileType = sourcecode.swift; path = HomeView.swift; sourceTree = "<group>"; };
		37E1C5462E5B4FFA00D9D687 /* BaseView.swift */ = {isa = PBXFileReference; lastKnownFileType = sourcecode.swift; path = BaseView.swift; sourceTree = "<group>"; };
		37E1C54A2E5B522A00D9D687 /* BaseTableViewCell.swift */ = {isa = PBXFileReference; lastKnownFileType = sourcecode.swift; path = BaseTableViewCell.swift; sourceTree = "<group>"; };
		37E1C5582E5C58B500D9D687 /* UIFont+Extension.swift */ = {isa = PBXFileReference; lastKnownFileType = sourcecode.swift; path = "UIFont+Extension.swift"; sourceTree = "<group>"; };
		37E1C55B2E5C59BE00D9D687 /* Pretendard-Black.otf */ = {isa = PBXFileReference; lastKnownFileType = file; path = "Pretendard-Black.otf"; sourceTree = "<group>"; };
		37E1C55C2E5C59BE00D9D687 /* Pretendard-Bold.otf */ = {isa = PBXFileReference; lastKnownFileType = file; path = "Pretendard-Bold.otf"; sourceTree = "<group>"; };
		37E1C55D2E5C59BE00D9D687 /* Pretendard-ExtraBold.otf */ = {isa = PBXFileReference; lastKnownFileType = file; path = "Pretendard-ExtraBold.otf"; sourceTree = "<group>"; };
		37E1C55E2E5C59BE00D9D687 /* Pretendard-ExtraLight.otf */ = {isa = PBXFileReference; lastKnownFileType = file; path = "Pretendard-ExtraLight.otf"; sourceTree = "<group>"; };
		37E1C55F2E5C59BE00D9D687 /* Pretendard-Light.otf */ = {isa = PBXFileReference; lastKnownFileType = file; path = "Pretendard-Light.otf"; sourceTree = "<group>"; };
		37E1C5602E5C59BE00D9D687 /* Pretendard-Medium.otf */ = {isa = PBXFileReference; lastKnownFileType = file; path = "Pretendard-Medium.otf"; sourceTree = "<group>"; };
		37E1C5612E5C59BE00D9D687 /* Pretendard-Regular.otf */ = {isa = PBXFileReference; lastKnownFileType = file; path = "Pretendard-Regular.otf"; sourceTree = "<group>"; };
		37E1C5622E5C59BE00D9D687 /* Pretendard-SemiBold.otf */ = {isa = PBXFileReference; lastKnownFileType = file; path = "Pretendard-SemiBold.otf"; sourceTree = "<group>"; };
		37E1C5632E5C59BE00D9D687 /* Pretendard-Thin.otf */ = {isa = PBXFileReference; lastKnownFileType = file; path = "Pretendard-Thin.otf"; sourceTree = "<group>"; };
		37E1C56F2E5C63C100D9D687 /* TabBarViewController.swift */ = {isa = PBXFileReference; lastKnownFileType = sourcecode.swift; path = TabBarViewController.swift; sourceTree = "<group>"; };
		D63BD2482E77089D00918E5E /* NewsNetworkService.swift */ = {isa = PBXFileReference; lastKnownFileType = sourcecode.swift; path = NewsNetworkService.swift; sourceTree = "<group>"; };
		D63BD2752E79CF5E00918E5E /* Config.xcconfig */ = {isa = PBXFileReference; lastKnownFileType = text.xcconfig; name = Config.xcconfig; path = "/Users/hanjw/.Trash/HwanYulMate-iOS/HwanYulMate/Application/Config.xcconfig"; sourceTree = "<absolute>"; };
		D63BD2782E79CFEF00918E5E /* ProfileCell.swift */ = {isa = PBXFileReference; lastKnownFileType = sourcecode.swift; path = ProfileCell.swift; sourceTree = "<group>"; };
		D63BD27A2E79CFFA00918E5E /* ProfileView.swift */ = {isa = PBXFileReference; lastKnownFileType = sourcecode.swift; path = ProfileView.swift; sourceTree = "<group>"; };
		D63BD27C2E79D00800918E5E /* ProfileViewController.swift */ = {isa = PBXFileReference; lastKnownFileType = sourcecode.swift; path = ProfileViewController.swift; sourceTree = "<group>"; };
		D63BD2802E79D05300918E5E /* PrivacyPolicyViewController.swift */ = {isa = PBXFileReference; lastKnownFileType = sourcecode.swift; path = PrivacyPolicyViewController.swift; sourceTree = "<group>"; };
		D63BD2822E79D05D00918E5E /* PrivacyPolicyView.swift */ = {isa = PBXFileReference; lastKnownFileType = sourcecode.swift; path = PrivacyPolicyView.swift; sourceTree = "<group>"; };
		D63BD2852E79D08700918E5E /* OpenSourceLicenseViewController.swift */ = {isa = PBXFileReference; lastKnownFileType = sourcecode.swift; path = OpenSourceLicenseViewController.swift; sourceTree = "<group>"; };
		D63BD2872E79D09600918E5E /* OpenSourceLicenseView.swift */ = {isa = PBXFileReference; lastKnownFileType = sourcecode.swift; path = OpenSourceLicenseView.swift; sourceTree = "<group>"; };
		D63BD2892E79D0CD00918E5E /* LogoutViewController.swift */ = {isa = PBXFileReference; lastKnownFileType = sourcecode.swift; path = LogoutViewController.swift; sourceTree = "<group>"; };
		D63BD28B2E79D0DC00918E5E /* LogoutView.swift */ = {isa = PBXFileReference; lastKnownFileType = sourcecode.swift; path = LogoutView.swift; sourceTree = "<group>"; };
		D63BD28E2E79D10B00918E5E /* WithdrawalViewController.swift */ = {isa = PBXFileReference; lastKnownFileType = sourcecode.swift; path = WithdrawalViewController.swift; sourceTree = "<group>"; };
		D63BD2902E79D11500918E5E /* WithdrawalView.swift */ = {isa = PBXFileReference; lastKnownFileType = sourcecode.swift; path = WithdrawalView.swift; sourceTree = "<group>"; };
		D63BD2932E79D15A00918E5E /* FeedbackViewController.swift */ = {isa = PBXFileReference; lastKnownFileType = sourcecode.swift; path = FeedbackViewController.swift; sourceTree = "<group>"; };
		D6ADCF6E2E74653200A95D89 /* NewsCell.swift */ = {isa = PBXFileReference; lastKnownFileType = sourcecode.swift; path = NewsCell.swift; sourceTree = "<group>"; };
		D6ADCF702E74655700A95D89 /* NewsView.swift */ = {isa = PBXFileReference; lastKnownFileType = sourcecode.swift; path = NewsView.swift; sourceTree = "<group>"; };
		D6ADCF722E7467C500A95D89 /* NewsViewController.swift */ = {isa = PBXFileReference; lastKnownFileType = sourcecode.swift; path = NewsViewController.swift; sourceTree = "<group>"; };
		D6ADCF782E75671A00A95D89 /* NewsModel.swift */ = {isa = PBXFileReference; lastKnownFileType = sourcecode.swift; path = NewsModel.swift; sourceTree = "<group>"; };
		D6B060172E7A039C00BBB385 /* ProfileNetworkService.swift */ = {isa = PBXFileReference; lastKnownFileType = sourcecode.swift; path = ProfileNetworkService.swift; sourceTree = "<group>"; };
/* End PBXFileReference section */

/* Begin PBXFrameworksBuildPhase section */
		37E1C4F32E5B444500D9D687 /* Frameworks */ = {
			isa = PBXFrameworksBuildPhase;
			buildActionMask = 2147483647;
			files = (
				37E1C5242E5B45FA00D9D687 /* DGCharts in Frameworks */,
				37E1C5162E5B457200D9D687 /* Alamofire in Frameworks */,
				37E1C5102E5B454A00D9D687 /* SnapKit in Frameworks */,
				37E1C5212E5B45CB00D9D687 /* Kingfisher in Frameworks */,
				37E1C51B2E5B45AB00D9D687 /* RxSwift in Frameworks */,
				37426AE72E6B582A000A7C74 /* IQKeyboardManagerSwift in Frameworks */,
				37E1C5192E5B45AB00D9D687 /* RxCocoa in Frameworks */,
				37E1C51E2E5B45BB00D9D687 /* ReactorKit in Frameworks */,
				37E1C5132E5B455900D9D687 /* Then in Frameworks */,
			);
			runOnlyForDeploymentPostprocessing = 0;
		};
/* End PBXFrameworksBuildPhase section */

/* Begin PBXGroup section */
		3728CAF72E5DA4D000D3DC98 /* Splash */ = {
			isa = PBXGroup;
			children = (
				3728CAFA2E5DA4FE00D3DC98 /* SplashView.swift */,
				3728CAF82E5DA4F600D3DC98 /* SplashViewController.swift */,
			);
			path = Splash;
			sourceTree = "<group>";
		};
		37423E092E6E078500BE4D46 /* TimeSelection */ = {
			isa = PBXGroup;
			children = (
				37423E0A2E6E07DB00BE4D46 /* TimeSelectionBottomSheetView.swift */,
				37423E0C2E6E07E600BE4D46 /* TimeSelectionBottomSheetViewController.swift */,
				37423E0E2E6E07F900BE4D46 /* TimeSelectionBottomSheetReactor.swift */,
			);
			path = TimeSelection;
			sourceTree = "<group>";
		};
		37423E122E6F430000BE4D46 /* Alert */ = {
			isa = PBXGroup;
			children = (
				37423E132E6F44A400BE4D46 /* NotificationSettingAlertView.swift */,
				37423E152E6F44FC00BE4D46 /* NotificationSettingAlertViewController.swift */,
				37423E172E6F451300BE4D46 /* NotificationSettingAlertReactor.swift */,
			);
			path = Alert;
			sourceTree = "<group>";
		};
		37423E192E70388E00BE4D46 /* HomeDetail */ = {
			isa = PBXGroup;
			children = (
				37423E1C2E7038D900BE4D46 /* HomeDetailCell.swift */,
				37423E1A2E7038D000BE4D46 /* HomeDetailView.swift */,
				37423E1E2E70391B00BE4D46 /* HomeDetailViewController.swift */,
				37423E202E70393900BE4D46 /* HomeDetailReactor.swift */,
				37423E222E72ECD300BE4D46 /* BottomSheet */,
			);
			path = HomeDetail;
			sourceTree = "<group>";
		};
		37423E222E72ECD300BE4D46 /* BottomSheet */ = {
			isa = PBXGroup;
			children = (
				37423E2B2E72F12E00BE4D46 /* ExchangeEstimateComparisonBottomSheetView.swift */,
				37423E292E72F11300BE4D46 /* ExchangeEstimateComparisonBottomSheetViewController.swift */,
				37423E2D2E72F13E00BE4D46 /* ExchangeEstimateComparisonBottomSheetReactor.swift */,
			);
			path = BottomSheet;
			sourceTree = "<group>";
		};
		37423E2F2E74204600BE4D46 /* ExchangeEstimateComparison */ = {
			isa = PBXGroup;
			children = (
				37423E302E7420E800BE4D46 /* ExchangeEstimateComparisonView.swift */,
				37423E322E7420F200BE4D46 /* ExchangeEstimateComparisonViewController.swift */,
				37423E342E7420FF00BE4D46 /* ExchangeEstimateComparisonReactor.swift */,
			);
			path = ExchangeEstimateComparison;
			sourceTree = "<group>";
		};
		37426A882E62C4F6000A7C74 /* Notification */ = {
			isa = PBXGroup;
			children = (
				37426A892E62C518000A7C74 /* NotificationCell.swift */,
				37426AAC2E64995B000A7C74 /* NotificationHeaderView.swift */,
				37426A8B2E62C522000A7C74 /* NotificationView.swift */,
				37426A8D2E62C534000A7C74 /* NotificationViewController.swift */,
				37426A912E62E511000A7C74 /* NotificationReactor.swift */,
			);
			path = Notification;
			sourceTree = "<group>";
		};
		37426A932E62EBD5000A7C74 /* NotificationSetting */ = {
			isa = PBXGroup;
			children = (
				37426A962E62EC69000A7C74 /* NotificationSettingView.swift */,
				37426A942E62EC49000A7C74 /* NotificationSettingViewController.swift */,
				37426AAE2E65A222000A7C74 /* NotificationSettingReactor.swift */,
				37423E122E6F430000BE4D46 /* Alert */,
				37426ADB2E69BD4A000A7C74 /* BottomSheet */,
			);
			path = NotificationSetting;
			sourceTree = "<group>";
		};
		37426ADB2E69BD4A000A7C74 /* BottomSheet */ = {
			isa = PBXGroup;
			children = (
				37426ADE2E69BDF3000A7C74 /* TargetRate */,
				37423E092E6E078500BE4D46 /* TimeSelection */,
			);
			path = BottomSheet;
			sourceTree = "<group>";
		};
		37426ADE2E69BDF3000A7C74 /* TargetRate */ = {
			isa = PBXGroup;
			children = (
				37426ADF2E69BE25000A7C74 /* TargetRateBottomSheetView.swift */,
				37426AE12E69C2A8000A7C74 /* TargetRateBottomSheetViewController.swift */,
				37426AE32E69D228000A7C74 /* TargetRateBottomSheetReactor.swift */,
			);
			path = TargetRate;
			sourceTree = "<group>";
		};
		37D1B11C2E5DB97F000732A3 /* Login */ = {
			isa = PBXGroup;
			children = (
				37D1B11F2E5DB9A9000732A3 /* LoginView.swift */,
				37D1B11D2E5DB99F000732A3 /* LoginViewController.swift */,
			);
			path = Login;
			sourceTree = "<group>";
		};
		37E1C4ED2E5B444500D9D687 = {
			isa = PBXGroup;
			children = (
				37E1C5332E5B4B6700D9D687 /* .gitignore */,
				37E1C5382E5B4D1400D9D687 /* .swiftlint.yml */,
				37E1C52C2E5B4B5200D9D687 /* HwanYulMate */,
				37E1C4F72E5B444500D9D687 /* Products */,
			);
			sourceTree = "<group>";
		};
		37E1C4F72E5B444500D9D687 /* Products */ = {
			isa = PBXGroup;
			children = (
				37E1C4F62E5B444500D9D687 /* HwanYulMate.app */,
			);
			name = Products;
			sourceTree = "<group>";
		};
		37E1C52C2E5B4B5200D9D687 /* HwanYulMate */ = {
			isa = PBXGroup;
			children = (
				37E1C53A2E5B4DAE00D9D687 /* Application */,
				37E1C53C2E5B4DF300D9D687 /* Presentation */,
				37E1C53B2E5B4DDB00D9D687 /* Resource */,
			);
			path = HwanYulMate;
			sourceTree = "<group>";
		};
		37E1C53A2E5B4DAE00D9D687 /* Application */ = {
			isa = PBXGroup;
			children = (
				37E1C5252E5B4B5200D9D687 /* AppDelegate.swift */,
				37E1C52A2E5B4B5200D9D687 /* SceneDelegate.swift */,
				D63BD2752E79CF5E00918E5E /* Config.xcconfig */,
			);
			path = Application;
			sourceTree = "<group>";
		};
		37E1C53B2E5B4DDB00D9D687 /* Resource */ = {
			isa = PBXGroup;
			children = (
				37E1C55A2E5C598F00D9D687 /* Font */,
				37E1C5262E5B4B5200D9D687 /* Assets.xcassets */,
				37E1C5272E5B4B5200D9D687 /* Info.plist */,
				37E1C5292E5B4B5200D9D687 /* LaunchScreen.storyboard */,
			);
			path = Resource;
			sourceTree = "<group>";
		};
		37E1C53C2E5B4DF300D9D687 /* Presentation */ = {
			isa = PBXGroup;
			children = (
				37E1C56E2E5C63AD00D9D687 /* TabBar */,
				3728CAF72E5DA4D000D3DC98 /* Splash */,
				37D1B11C2E5DB97F000732A3 /* Login */,
				37E1C5432E5B4EE600D9D687 /* Home */,
				37423E192E70388E00BE4D46 /* HomeDetail */,
				37423E2F2E74204600BE4D46 /* ExchangeEstimateComparison */,
				37426A882E62C4F6000A7C74 /* Notification */,
				37426A932E62EBD5000A7C74 /* NotificationSetting */,
				D6ADCF6D2E7464FA00A95D89 /* News */,
				D63BD2772E79CF9800918E5E /* Profile */,
				37E1C5442E5B4FC100D9D687 /* Util */,
			);
			path = Presentation;
			sourceTree = "<group>";
		};
		37E1C5432E5B4EE600D9D687 /* Home */ = {
			isa = PBXGroup;
			children = (
				37426A822E604D00000A7C74 /* HomeCell.swift */,
				37E1C5412E5B4EBB00D9D687 /* HomeView.swift */,
				37E1C53F2E5B4E9000D9D687 /* HomeViewController.swift */,
				37426A8F2E62D571000A7C74 /* HomeReactor.swift */,
			);
			path = Home;
			sourceTree = "<group>";
		};
		37E1C5442E5B4FC100D9D687 /* Util */ = {
			isa = PBXGroup;
			children = (
				37E1C5572E5C58A100D9D687 /* Extension */,
				37E1C5452E5B4FD800D9D687 /* Base */,
			);
			path = Util;
			sourceTree = "<group>";
		};
		37E1C5452E5B4FD800D9D687 /* Base */ = {
			isa = PBXGroup;
			children = (
				37E1C54A2E5B522A00D9D687 /* BaseTableViewCell.swift */,
				37E1C5462E5B4FFA00D9D687 /* BaseView.swift */,
				37426AD92E687AA4000A7C74 /* BaseBottomSheetView.swift */,
			);
			path = Base;
			sourceTree = "<group>";
		};
		37E1C5572E5C58A100D9D687 /* Extension */ = {
			isa = PBXGroup;
			children = (
				37E1C5582E5C58B500D9D687 /* UIFont+Extension.swift */,
				37426A842E617A1D000A7C74 /* UILabel+Extension.swift */,
			);
			path = Extension;
			sourceTree = "<group>";
		};
		37E1C55A2E5C598F00D9D687 /* Font */ = {
			isa = PBXGroup;
			children = (
				37E1C56D2E5C59D500D9D687 /* Pretendard */,
			);
			path = Font;
			sourceTree = "<group>";
		};
		37E1C56D2E5C59D500D9D687 /* Pretendard */ = {
			isa = PBXGroup;
			children = (
				37E1C55B2E5C59BE00D9D687 /* Pretendard-Black.otf */,
				37E1C55C2E5C59BE00D9D687 /* Pretendard-Bold.otf */,
				37E1C55D2E5C59BE00D9D687 /* Pretendard-ExtraBold.otf */,
				37E1C55E2E5C59BE00D9D687 /* Pretendard-ExtraLight.otf */,
				37E1C55F2E5C59BE00D9D687 /* Pretendard-Light.otf */,
				37E1C5602E5C59BE00D9D687 /* Pretendard-Medium.otf */,
				37E1C5612E5C59BE00D9D687 /* Pretendard-Regular.otf */,
				37E1C5622E5C59BE00D9D687 /* Pretendard-SemiBold.otf */,
				37E1C5632E5C59BE00D9D687 /* Pretendard-Thin.otf */,
			);
			path = Pretendard;
			sourceTree = "<group>";
		};
		37E1C56E2E5C63AD00D9D687 /* TabBar */ = {
			isa = PBXGroup;
			children = (
				37E1C56F2E5C63C100D9D687 /* TabBarViewController.swift */,
			);
			path = TabBar;
			sourceTree = "<group>";
		};
		D63BD2772E79CF9800918E5E /* Profile */ = {
			isa = PBXGroup;
			children = (
				D63BD2782E79CFEF00918E5E /* ProfileCell.swift */,
				D63BD27A2E79CFFA00918E5E /* ProfileView.swift */,
				D63BD27C2E79D00800918E5E /* ProfileViewController.swift */,
				D6B060172E7A039C00BBB385 /* ProfileNetworkService.swift */,
				D63BD27F2E79D03D00918E5E /* PrivacyPolicy */,
				D63BD2842E79D07B00918E5E /* OpenSourceLicense */,
				D63BD27E2E79D00D00918E5E /* Logout */,
				D63BD28D2E79D0F400918E5E /* Withdrawal */,
				D63BD2922E79D14400918E5E /* Feedback */,
			);
			path = Profile;
			sourceTree = "<group>";
		};
		D63BD27E2E79D00D00918E5E /* Logout */ = {
			isa = PBXGroup;
			children = (
				D63BD28B2E79D0DC00918E5E /* LogoutView.swift */,
				D63BD2892E79D0CD00918E5E /* LogoutViewController.swift */,
			);
			path = Logout;
			sourceTree = "<group>";
		};
		D63BD27F2E79D03D00918E5E /* PrivacyPolicy */ = {
			isa = PBXGroup;
			children = (
				D63BD2822E79D05D00918E5E /* PrivacyPolicyView.swift */,
				D63BD2802E79D05300918E5E /* PrivacyPolicyViewController.swift */,
			);
			path = PrivacyPolicy;
			sourceTree = "<group>";
		};
		D63BD2842E79D07B00918E5E /* OpenSourceLicense */ = {
			isa = PBXGroup;
			children = (
				D63BD2852E79D08700918E5E /* OpenSourceLicenseViewController.swift */,
				D63BD2872E79D09600918E5E /* OpenSourceLicenseView.swift */,
			);
			path = OpenSourceLicense;
			sourceTree = "<group>";
		};
		D63BD28D2E79D0F400918E5E /* Withdrawal */ = {
			isa = PBXGroup;
			children = (
				D63BD2902E79D11500918E5E /* WithdrawalView.swift */,
				D63BD28E2E79D10B00918E5E /* WithdrawalViewController.swift */,
			);
			path = Withdrawal;
			sourceTree = "<group>";
		};
		D63BD2922E79D14400918E5E /* Feedback */ = {
			isa = PBXGroup;
			children = (
				D63BD2932E79D15A00918E5E /* FeedbackViewController.swift */,
			);
			path = Feedback;
			sourceTree = "<group>";
		};
		D6ADCF6D2E7464FA00A95D89 /* News */ = {
			isa = PBXGroup;
			children = (
				D6ADCF6E2E74653200A95D89 /* NewsCell.swift */,
				D6ADCF702E74655700A95D89 /* NewsView.swift */,
				D6ADCF722E7467C500A95D89 /* NewsViewController.swift */,
				D6ADCF782E75671A00A95D89 /* NewsModel.swift */,
				D63BD2482E77089D00918E5E /* NewsNetworkService.swift */,
			);
			path = News;
			sourceTree = "<group>";
		};
/* End PBXGroup section */

/* Begin PBXNativeTarget section */
		37E1C4F52E5B444500D9D687 /* HwanYulMate */ = {
			isa = PBXNativeTarget;
			buildConfigurationList = 37E1C5092E5B444600D9D687 /* Build configuration list for PBXNativeTarget "HwanYulMate" */;
			buildPhases = (
				37E1C4F22E5B444500D9D687 /* Sources */,
				D63D2BBE2E609B5E00BE8327 /* Run SwiftLint */,
				37E1C4F32E5B444500D9D687 /* Frameworks */,
				37E1C4F42E5B444500D9D687 /* Resources */,
			);
			buildRules = (
			);
			dependencies = (
			);
			name = HwanYulMate;
			packageProductDependencies = (
				37E1C50F2E5B454A00D9D687 /* SnapKit */,
				37E1C5122E5B455900D9D687 /* Then */,
				37E1C5152E5B457200D9D687 /* Alamofire */,
				37E1C5182E5B45AB00D9D687 /* RxCocoa */,
				37E1C51A2E5B45AB00D9D687 /* RxSwift */,
				37E1C51D2E5B45BB00D9D687 /* ReactorKit */,
				37E1C5202E5B45CB00D9D687 /* Kingfisher */,
				37E1C5232E5B45FA00D9D687 /* DGCharts */,
				37426AE62E6B582A000A7C74 /* IQKeyboardManagerSwift */,
			);
			productName = HwanYulMate;
			productReference = 37E1C4F62E5B444500D9D687 /* HwanYulMate.app */;
			productType = "com.apple.product-type.application";
		};
/* End PBXNativeTarget section */

/* Begin PBXProject section */
		37E1C4EE2E5B444500D9D687 /* Project object */ = {
			isa = PBXProject;
			attributes = {
				BuildIndependentTargetsInParallel = 1;
				LastSwiftUpdateCheck = 1640;
				LastUpgradeCheck = 1640;
				TargetAttributes = {
					37E1C4F52E5B444500D9D687 = {
						CreatedOnToolsVersion = 16.4;
					};
				};
			};
			buildConfigurationList = 37E1C4F12E5B444500D9D687 /* Build configuration list for PBXProject "HwanYulMate" */;
			developmentRegion = en;
			hasScannedForEncodings = 0;
			knownRegions = (
				en,
				Base,
			);
			mainGroup = 37E1C4ED2E5B444500D9D687;
			minimizedProjectReferenceProxies = 1;
			packageReferences = (
				37E1C50E2E5B454A00D9D687 /* XCRemoteSwiftPackageReference "SnapKit" */,
				37E1C5112E5B455900D9D687 /* XCRemoteSwiftPackageReference "Then" */,
				37E1C5142E5B457200D9D687 /* XCRemoteSwiftPackageReference "Alamofire" */,
				37E1C5172E5B45AB00D9D687 /* XCRemoteSwiftPackageReference "RxSwift" */,
				37E1C51C2E5B45BB00D9D687 /* XCRemoteSwiftPackageReference "ReactorKit" */,
				37E1C51F2E5B45CB00D9D687 /* XCRemoteSwiftPackageReference "Kingfisher" */,
				37E1C5222E5B45FA00D9D687 /* XCRemoteSwiftPackageReference "Charts" */,
				37E1C5352E5B4C7200D9D687 /* XCRemoteSwiftPackageReference "SwiftLint" */,
				37426AE52E6B582A000A7C74 /* XCRemoteSwiftPackageReference "IQKeyboardManager" */,
			);
			preferredProjectObjectVersion = 77;
			productRefGroup = 37E1C4F72E5B444500D9D687 /* Products */;
			projectDirPath = "";
			projectRoot = "";
			targets = (
				37E1C4F52E5B444500D9D687 /* HwanYulMate */,
			);
		};
/* End PBXProject section */

/* Begin PBXResourcesBuildPhase section */
		37E1C4F42E5B444500D9D687 /* Resources */ = {
			isa = PBXResourcesBuildPhase;
			buildActionMask = 2147483647;
			files = (
				37E1C5392E5B4D1400D9D687 /* .swiftlint.yml in Resources */,
				37E1C5642E5C59BE00D9D687 /* Pretendard-ExtraBold.otf in Resources */,
				37E1C5652E5C59BE00D9D687 /* Pretendard-Medium.otf in Resources */,
				37E1C5662E5C59BE00D9D687 /* Pretendard-Light.otf in Resources */,
				37E1C5672E5C59BE00D9D687 /* Pretendard-Regular.otf in Resources */,
				37E1C5682E5C59BE00D9D687 /* Pretendard-Black.otf in Resources */,
				37E1C5692E5C59BE00D9D687 /* Pretendard-SemiBold.otf in Resources */,
				37E1C56A2E5C59BE00D9D687 /* Pretendard-Bold.otf in Resources */,
				37E1C56B2E5C59BE00D9D687 /* Pretendard-ExtraLight.otf in Resources */,
				37E1C56C2E5C59BE00D9D687 /* Pretendard-Thin.otf in Resources */,
				37E1C5302E5B4B5200D9D687 /* Assets.xcassets in Resources */,
				37E1C5342E5B4B6700D9D687 /* .gitignore in Resources */,
				D63BD2762E79CF5E00918E5E /* Config.xcconfig in Resources */,
				37E1C5322E5B4B5200D9D687 /* LaunchScreen.storyboard in Resources */,
			);
			runOnlyForDeploymentPostprocessing = 0;
		};
/* End PBXResourcesBuildPhase section */

/* Begin PBXShellScriptBuildPhase section */
		D63D2BBE2E609B5E00BE8327 /* Run SwiftLint */ = {
			isa = PBXShellScriptBuildPhase;
			alwaysOutOfDate = 1;
			buildActionMask = 2147483647;
			files = (
			);
			inputFileListPaths = (
			);
			inputPaths = (
			);
			name = "Run SwiftLint";
			outputFileListPaths = (
			);
			outputPaths = (
			);
			runOnlyForDeploymentPostprocessing = 0;
			shellPath = /bin/sh;
			shellScript = "if [[ \"$(uname -m)\" == arm64 ]]; then\n    export PATH=\"/opt/homebrew/bin:$PATH\"\nfi\n\nif which swiftlint > /dev/null; then\n  swiftlint\nelse\n  echo \"warning: SwiftLint not installed, download from https://github.com/realm/SwiftLint\"\nfi\n";
		};
/* End PBXShellScriptBuildPhase section */

/* Begin PBXSourcesBuildPhase section */
		37E1C4F22E5B444500D9D687 /* Sources */ = {
			isa = PBXSourcesBuildPhase;
			buildActionMask = 2147483647;
			files = (
				37E1C5702E5C63C100D9D687 /* TabBarViewController.swift in Sources */,
				37426AE02E69BE25000A7C74 /* TargetRateBottomSheetView.swift in Sources */,
				37E1C5592E5C58B500D9D687 /* UIFont+Extension.swift in Sources */,
				D6ADCF712E74655700A95D89 /* NewsView.swift in Sources */,
				37423E312E7420E800BE4D46 /* ExchangeEstimateComparisonView.swift in Sources */,
				37423E162E6F44FC00BE4D46 /* NotificationSettingAlertViewController.swift in Sources */,
				D63BD2792E79CFEF00918E5E /* ProfileCell.swift in Sources */,
				37423E0D2E6E07E600BE4D46 /* TimeSelectionBottomSheetViewController.swift in Sources */,
				37E1C52D2E5B4B5200D9D687 /* AppDelegate.swift in Sources */,
				37423E1B2E7038D000BE4D46 /* HomeDetailView.swift in Sources */,
				37426A8C2E62C522000A7C74 /* NotificationView.swift in Sources */,
				37426A972E62EC6A000A7C74 /* NotificationSettingView.swift in Sources */,
				37423E352E7420FF00BE4D46 /* ExchangeEstimateComparisonReactor.swift in Sources */,
				D63BD28F2E79D10B00918E5E /* WithdrawalViewController.swift in Sources */,
				37423E212E70393900BE4D46 /* HomeDetailReactor.swift in Sources */,
				37426AE22E69C2A8000A7C74 /* TargetRateBottomSheetViewController.swift in Sources */,
				37423E0B2E6E07DB00BE4D46 /* TimeSelectionBottomSheetView.swift in Sources */,
				3728CAF92E5DA4F600D3DC98 /* SplashViewController.swift in Sources */,
				37423E1F2E70391B00BE4D46 /* HomeDetailViewController.swift in Sources */,
				37426A922E62E511000A7C74 /* NotificationReactor.swift in Sources */,
				37426A902E62D571000A7C74 /* HomeReactor.swift in Sources */,
				37426ADA2E687AA4000A7C74 /* BaseBottomSheetView.swift in Sources */,
				D6ADCF732E7467C500A95D89 /* NewsViewController.swift in Sources */,
				37E1C5422E5B4EBB00D9D687 /* HomeView.swift in Sources */,
				37E1C5472E5B4FFA00D9D687 /* BaseView.swift in Sources */,
				D63BD27D2E79D00800918E5E /* ProfileViewController.swift in Sources */,
				D6ADCF792E75671A00A95D89 /* NewsModel.swift in Sources */,
				37423E2A2E72F11300BE4D46 /* ExchangeEstimateComparisonBottomSheetViewController.swift in Sources */,
				37426AAD2E64995B000A7C74 /* NotificationHeaderView.swift in Sources */,
				37423E1D2E7038D900BE4D46 /* HomeDetailCell.swift in Sources */,
				D63BD2492E7708A400918E5E /* NewsNetworkService.swift in Sources */,
				37426A832E604D00000A7C74 /* HomeCell.swift in Sources */,
				D63BD2912E79D11500918E5E /* WithdrawalView.swift in Sources */,
				37423E332E7420F200BE4D46 /* ExchangeEstimateComparisonViewController.swift in Sources */,
				37D1B1202E5DB9A9000732A3 /* LoginView.swift in Sources */,
				D63BD27B2E79CFFA00918E5E /* ProfileView.swift in Sources */,
				37E1C52E2E5B4B5200D9D687 /* SceneDelegate.swift in Sources */,
				3728CAFB2E5DA4FE00D3DC98 /* SplashView.swift in Sources */,
				D6B060182E7A039E00BBB385 /* ProfileNetworkService.swift in Sources */,
				37423E182E6F451300BE4D46 /* NotificationSettingAlertReactor.swift in Sources */,
				37426A852E617A1D000A7C74 /* UILabel+Extension.swift in Sources */,
				37426AE42E69D228000A7C74 /* TargetRateBottomSheetReactor.swift in Sources */,
				D63BD2862E79D08700918E5E /* OpenSourceLicenseViewController.swift in Sources */,
				37426AAF2E65A222000A7C74 /* NotificationSettingReactor.swift in Sources */,
				D63BD2942E79D15A00918E5E /* FeedbackViewController.swift in Sources */,
				37423E142E6F44A400BE4D46 /* NotificationSettingAlertView.swift in Sources */,
				D63BD2882E79D09700918E5E /* OpenSourceLicenseView.swift in Sources */,
				37426A8E2E62C534000A7C74 /* NotificationViewController.swift in Sources */,
				37E1C54B2E5B522A00D9D687 /* BaseTableViewCell.swift in Sources */,
				D63BD2812E79D05300918E5E /* PrivacyPolicyViewController.swift in Sources */,
				D63BD28A2E79D0CD00918E5E /* LogoutViewController.swift in Sources */,
				37E1C5402E5B4E9000D9D687 /* HomeViewController.swift in Sources */,
				37426A8A2E62C518000A7C74 /* NotificationCell.swift in Sources */,
				D63BD28C2E79D0DC00918E5E /* LogoutView.swift in Sources */,
				D6ADCF6F2E74653200A95D89 /* NewsCell.swift in Sources */,
				37426A952E62EC49000A7C74 /* NotificationSettingViewController.swift in Sources */,
				37423E2C2E72F12E00BE4D46 /* ExchangeEstimateComparisonBottomSheetView.swift in Sources */,
				37423E2E2E72F13E00BE4D46 /* ExchangeEstimateComparisonBottomSheetReactor.swift in Sources */,
				37D1B11E2E5DB99F000732A3 /* LoginViewController.swift in Sources */,
				D63BD2832E79D05D00918E5E /* PrivacyPolicyView.swift in Sources */,
				37423E0F2E6E07F900BE4D46 /* TimeSelectionBottomSheetReactor.swift in Sources */,
			);
			runOnlyForDeploymentPostprocessing = 0;
		};
/* End PBXSourcesBuildPhase section */

/* Begin PBXVariantGroup section */
		37E1C5292E5B4B5200D9D687 /* LaunchScreen.storyboard */ = {
			isa = PBXVariantGroup;
			children = (
				37E1C5282E5B4B5200D9D687 /* Base */,
			);
			name = LaunchScreen.storyboard;
			sourceTree = "<group>";
		};
/* End PBXVariantGroup section */

/* Begin XCBuildConfiguration section */
		37E1C50A2E5B444600D9D687 /* Debug */ = {
			isa = XCBuildConfiguration;
			baseConfigurationReference = D63BD2752E79CF5E00918E5E /* Config.xcconfig */;
			buildSettings = {
				ASSETCATALOG_COMPILER_APPICON_NAME = AppIcon;
				ASSETCATALOG_COMPILER_GLOBAL_ACCENT_COLOR_NAME = AccentColor;
				CODE_SIGN_STYLE = Automatic;
				CURRENT_PROJECT_VERSION = 1;
				DEVELOPMENT_TEAM = G5WGKC822D;
				GENERATE_INFOPLIST_FILE = YES;
				INFOPLIST_FILE = HwanYulMate/Resource/Info.plist;
				INFOPLIST_KEY_UIApplicationSupportsIndirectInputEvents = YES;
				INFOPLIST_KEY_UILaunchStoryboardName = LaunchScreen;
				INFOPLIST_KEY_UISupportedInterfaceOrientations = UIInterfaceOrientationPortrait;
				INFOPLIST_KEY_UISupportedInterfaceOrientations_iPad = "UIInterfaceOrientationLandscapeLeft UIInterfaceOrientationLandscapeRight UIInterfaceOrientationPortrait UIInterfaceOrientationPortraitUpsideDown";
				IPHONEOS_DEPLOYMENT_TARGET = 16.0;
				LD_RUNPATH_SEARCH_PATHS = (
					"$(inherited)",
					"@executable_path/Frameworks",
				);
				MARKETING_VERSION = 1.0;
				PRODUCT_BUNDLE_IDENTIFIER = com.apptive.HwanYulMate2;
				PRODUCT_NAME = "$(TARGET_NAME)";
				SUPPORTED_PLATFORMS = "iphoneos iphonesimulator";
				SUPPORTS_MACCATALYST = NO;
				SUPPORTS_MAC_DESIGNED_FOR_IPHONE_IPAD = NO;
				SUPPORTS_XR_DESIGNED_FOR_IPHONE_IPAD = NO;
				SWIFT_EMIT_LOC_STRINGS = YES;
				SWIFT_VERSION = 5.0;
				TARGETED_DEVICE_FAMILY = 1;
			};
			name = Debug;
		};
		37E1C50B2E5B444600D9D687 /* Release */ = {
			isa = XCBuildConfiguration;
			baseConfigurationReference = D63BD2752E79CF5E00918E5E /* Config.xcconfig */;
			buildSettings = {
				ASSETCATALOG_COMPILER_APPICON_NAME = AppIcon;
				ASSETCATALOG_COMPILER_GLOBAL_ACCENT_COLOR_NAME = AccentColor;
				CODE_SIGN_STYLE = Automatic;
				CURRENT_PROJECT_VERSION = 1;
				DEVELOPMENT_TEAM = G5WGKC822D;
				GENERATE_INFOPLIST_FILE = YES;
				INFOPLIST_FILE = HwanYulMate/Resource/Info.plist;
				INFOPLIST_KEY_UIApplicationSupportsIndirectInputEvents = YES;
				INFOPLIST_KEY_UILaunchStoryboardName = LaunchScreen;
				INFOPLIST_KEY_UISupportedInterfaceOrientations = UIInterfaceOrientationPortrait;
				INFOPLIST_KEY_UISupportedInterfaceOrientations_iPad = "UIInterfaceOrientationLandscapeLeft UIInterfaceOrientationLandscapeRight UIInterfaceOrientationPortrait UIInterfaceOrientationPortraitUpsideDown";
				IPHONEOS_DEPLOYMENT_TARGET = 16.0;
				LD_RUNPATH_SEARCH_PATHS = (
					"$(inherited)",
					"@executable_path/Frameworks",
				);
				MARKETING_VERSION = 1.0;
				PRODUCT_BUNDLE_IDENTIFIER = com.apptive.HwanYulMate2;
				PRODUCT_NAME = "$(TARGET_NAME)";
				SUPPORTED_PLATFORMS = "iphoneos iphonesimulator";
				SUPPORTS_MACCATALYST = NO;
				SUPPORTS_MAC_DESIGNED_FOR_IPHONE_IPAD = NO;
				SUPPORTS_XR_DESIGNED_FOR_IPHONE_IPAD = NO;
				SWIFT_EMIT_LOC_STRINGS = YES;
				SWIFT_VERSION = 5.0;
				TARGETED_DEVICE_FAMILY = 1;
			};
			name = Release;
		};
		37E1C50C2E5B444600D9D687 /* Debug */ = {
			isa = XCBuildConfiguration;
			baseConfigurationReference = D63BD2752E79CF5E00918E5E /* Config.xcconfig */;
			buildSettings = {
				ALWAYS_SEARCH_USER_PATHS = NO;
				ASSETCATALOG_COMPILER_GENERATE_SWIFT_ASSET_SYMBOL_EXTENSIONS = YES;
				CLANG_ANALYZER_NONNULL = YES;
				CLANG_ANALYZER_NUMBER_OBJECT_CONVERSION = YES_AGGRESSIVE;
				CLANG_CXX_LANGUAGE_STANDARD = "gnu++20";
				CLANG_ENABLE_MODULES = YES;
				CLANG_ENABLE_OBJC_ARC = YES;
				CLANG_ENABLE_OBJC_WEAK = YES;
				CLANG_WARN_BLOCK_CAPTURE_AUTORELEASING = YES;
				CLANG_WARN_BOOL_CONVERSION = YES;
				CLANG_WARN_COMMA = YES;
				CLANG_WARN_CONSTANT_CONVERSION = YES;
				CLANG_WARN_DEPRECATED_OBJC_IMPLEMENTATIONS = YES;
				CLANG_WARN_DIRECT_OBJC_ISA_USAGE = YES_ERROR;
				CLANG_WARN_DOCUMENTATION_COMMENTS = YES;
				CLANG_WARN_EMPTY_BODY = YES;
				CLANG_WARN_ENUM_CONVERSION = YES;
				CLANG_WARN_INFINITE_RECURSION = YES;
				CLANG_WARN_INT_CONVERSION = YES;
				CLANG_WARN_NON_LITERAL_NULL_CONVERSION = YES;
				CLANG_WARN_OBJC_IMPLICIT_RETAIN_SELF = YES;
				CLANG_WARN_OBJC_LITERAL_CONVERSION = YES;
				CLANG_WARN_OBJC_ROOT_CLASS = YES_ERROR;
				CLANG_WARN_QUOTED_INCLUDE_IN_FRAMEWORK_HEADER = YES;
				CLANG_WARN_RANGE_LOOP_ANALYSIS = YES;
				CLANG_WARN_STRICT_PROTOTYPES = YES;
				CLANG_WARN_SUSPICIOUS_MOVE = YES;
				CLANG_WARN_UNGUARDED_AVAILABILITY = YES_AGGRESSIVE;
				CLANG_WARN_UNREACHABLE_CODE = YES;
				CLANG_WARN__DUPLICATE_METHOD_MATCH = YES;
				COPY_PHASE_STRIP = NO;
				DEBUG_INFORMATION_FORMAT = dwarf;
				DEVELOPMENT_TEAM = Z4QC7WDU5Z;
				ENABLE_STRICT_OBJC_MSGSEND = YES;
				ENABLE_TESTABILITY = YES;
				ENABLE_USER_SCRIPT_SANDBOXING = NO;
				GCC_C_LANGUAGE_STANDARD = gnu17;
				GCC_DYNAMIC_NO_PIC = NO;
				GCC_NO_COMMON_BLOCKS = YES;
				GCC_OPTIMIZATION_LEVEL = 0;
				GCC_PREPROCESSOR_DEFINITIONS = (
					"DEBUG=1",
					"$(inherited)",
				);
				GCC_WARN_64_TO_32_BIT_CONVERSION = YES;
				GCC_WARN_ABOUT_RETURN_TYPE = YES_ERROR;
				GCC_WARN_UNDECLARED_SELECTOR = YES;
				GCC_WARN_UNINITIALIZED_AUTOS = YES_AGGRESSIVE;
				GCC_WARN_UNUSED_FUNCTION = YES;
				GCC_WARN_UNUSED_VARIABLE = YES;
				IPHONEOS_DEPLOYMENT_TARGET = 18.5;
				LOCALIZATION_PREFERS_STRING_CATALOGS = YES;
				MTL_ENABLE_DEBUG_INFO = INCLUDE_SOURCE;
				MTL_FAST_MATH = YES;
				ONLY_ACTIVE_ARCH = YES;
				SDKROOT = iphoneos;
				SWIFT_ACTIVE_COMPILATION_CONDITIONS = "DEBUG $(inherited)";
				SWIFT_OPTIMIZATION_LEVEL = "-Onone";
			};
			name = Debug;
		};
		37E1C50D2E5B444600D9D687 /* Release */ = {
			isa = XCBuildConfiguration;
			baseConfigurationReference = D63BD2752E79CF5E00918E5E /* Config.xcconfig */;
			buildSettings = {
				ALWAYS_SEARCH_USER_PATHS = NO;
				ASSETCATALOG_COMPILER_GENERATE_SWIFT_ASSET_SYMBOL_EXTENSIONS = YES;
				CLANG_ANALYZER_NONNULL = YES;
				CLANG_ANALYZER_NUMBER_OBJECT_CONVERSION = YES_AGGRESSIVE;
				CLANG_CXX_LANGUAGE_STANDARD = "gnu++20";
				CLANG_ENABLE_MODULES = YES;
				CLANG_ENABLE_OBJC_ARC = YES;
				CLANG_ENABLE_OBJC_WEAK = YES;
				CLANG_WARN_BLOCK_CAPTURE_AUTORELEASING = YES;
				CLANG_WARN_BOOL_CONVERSION = YES;
				CLANG_WARN_COMMA = YES;
				CLANG_WARN_CONSTANT_CONVERSION = YES;
				CLANG_WARN_DEPRECATED_OBJC_IMPLEMENTATIONS = YES;
				CLANG_WARN_DIRECT_OBJC_ISA_USAGE = YES_ERROR;
				CLANG_WARN_DOCUMENTATION_COMMENTS = YES;
				CLANG_WARN_EMPTY_BODY = YES;
				CLANG_WARN_ENUM_CONVERSION = YES;
				CLANG_WARN_INFINITE_RECURSION = YES;
				CLANG_WARN_INT_CONVERSION = YES;
				CLANG_WARN_NON_LITERAL_NULL_CONVERSION = YES;
				CLANG_WARN_OBJC_IMPLICIT_RETAIN_SELF = YES;
				CLANG_WARN_OBJC_LITERAL_CONVERSION = YES;
				CLANG_WARN_OBJC_ROOT_CLASS = YES_ERROR;
				CLANG_WARN_QUOTED_INCLUDE_IN_FRAMEWORK_HEADER = YES;
				CLANG_WARN_RANGE_LOOP_ANALYSIS = YES;
				CLANG_WARN_STRICT_PROTOTYPES = YES;
				CLANG_WARN_SUSPICIOUS_MOVE = YES;
				CLANG_WARN_UNGUARDED_AVAILABILITY = YES_AGGRESSIVE;
				CLANG_WARN_UNREACHABLE_CODE = YES;
				CLANG_WARN__DUPLICATE_METHOD_MATCH = YES;
				COPY_PHASE_STRIP = NO;
				DEBUG_INFORMATION_FORMAT = "dwarf-with-dsym";
				DEVELOPMENT_TEAM = Z4QC7WDU5Z;
				ENABLE_NS_ASSERTIONS = NO;
				ENABLE_STRICT_OBJC_MSGSEND = YES;
				ENABLE_USER_SCRIPT_SANDBOXING = NO;
				GCC_C_LANGUAGE_STANDARD = gnu17;
				GCC_NO_COMMON_BLOCKS = YES;
				GCC_WARN_64_TO_32_BIT_CONVERSION = YES;
				GCC_WARN_ABOUT_RETURN_TYPE = YES_ERROR;
				GCC_WARN_UNDECLARED_SELECTOR = YES;
				GCC_WARN_UNINITIALIZED_AUTOS = YES_AGGRESSIVE;
				GCC_WARN_UNUSED_FUNCTION = YES;
				GCC_WARN_UNUSED_VARIABLE = YES;
				IPHONEOS_DEPLOYMENT_TARGET = 18.5;
				LOCALIZATION_PREFERS_STRING_CATALOGS = YES;
				MTL_ENABLE_DEBUG_INFO = NO;
				MTL_FAST_MATH = YES;
				SDKROOT = iphoneos;
				SWIFT_COMPILATION_MODE = wholemodule;
				VALIDATE_PRODUCT = YES;
			};
			name = Release;
		};
/* End XCBuildConfiguration section */

/* Begin XCConfigurationList section */
		37E1C4F12E5B444500D9D687 /* Build configuration list for PBXProject "HwanYulMate" */ = {
			isa = XCConfigurationList;
			buildConfigurations = (
				37E1C50C2E5B444600D9D687 /* Debug */,
				37E1C50D2E5B444600D9D687 /* Release */,
			);
			defaultConfigurationIsVisible = 0;
			defaultConfigurationName = Release;
		};
		37E1C5092E5B444600D9D687 /* Build configuration list for PBXNativeTarget "HwanYulMate" */ = {
			isa = XCConfigurationList;
			buildConfigurations = (
				37E1C50A2E5B444600D9D687 /* Debug */,
				37E1C50B2E5B444600D9D687 /* Release */,
			);
			defaultConfigurationIsVisible = 0;
			defaultConfigurationName = Release;
		};
/* End XCConfigurationList section */

/* Begin XCRemoteSwiftPackageReference section */
		37426AE52E6B582A000A7C74 /* XCRemoteSwiftPackageReference "IQKeyboardManager" */ = {
			isa = XCRemoteSwiftPackageReference;
			repositoryURL = "https://github.com/hackiftekhar/IQKeyboardManager.git";
			requirement = {
				kind = upToNextMajorVersion;
				minimumVersion = 8.0.1;
			};
		};
		37E1C50E2E5B454A00D9D687 /* XCRemoteSwiftPackageReference "SnapKit" */ = {
			isa = XCRemoteSwiftPackageReference;
			repositoryURL = "https://github.com/SnapKit/SnapKit.git";
			requirement = {
				kind = upToNextMajorVersion;
				minimumVersion = 5.7.1;
			};
		};
		37E1C5112E5B455900D9D687 /* XCRemoteSwiftPackageReference "Then" */ = {
			isa = XCRemoteSwiftPackageReference;
			repositoryURL = "https://github.com/devxoul/Then";
			requirement = {
				kind = upToNextMajorVersion;
				minimumVersion = 3.0.0;
			};
		};
		37E1C5142E5B457200D9D687 /* XCRemoteSwiftPackageReference "Alamofire" */ = {
			isa = XCRemoteSwiftPackageReference;
			repositoryURL = "https://github.com/Alamofire/Alamofire.git";
			requirement = {
				kind = upToNextMajorVersion;
				minimumVersion = 5.10.2;
			};
		};
		37E1C5172E5B45AB00D9D687 /* XCRemoteSwiftPackageReference "RxSwift" */ = {
			isa = XCRemoteSwiftPackageReference;
			repositoryURL = "https://github.com/ReactiveX/RxSwift.git";
			requirement = {
				kind = upToNextMajorVersion;
				minimumVersion = 6.9.0;
			};
		};
		37E1C51C2E5B45BB00D9D687 /* XCRemoteSwiftPackageReference "ReactorKit" */ = {
			isa = XCRemoteSwiftPackageReference;
			repositoryURL = "https://github.com/ReactorKit/ReactorKit.git";
			requirement = {
				kind = upToNextMajorVersion;
				minimumVersion = 3.2.0;
			};
		};
		37E1C51F2E5B45CB00D9D687 /* XCRemoteSwiftPackageReference "Kingfisher" */ = {
			isa = XCRemoteSwiftPackageReference;
			repositoryURL = "https://github.com/onevcat/Kingfisher.git";
			requirement = {
				kind = upToNextMajorVersion;
				minimumVersion = 8.5.0;
			};
		};
		37E1C5222E5B45FA00D9D687 /* XCRemoteSwiftPackageReference "Charts" */ = {
			isa = XCRemoteSwiftPackageReference;
			repositoryURL = "https://github.com/ChartsOrg/Charts.git";
			requirement = {
				kind = upToNextMajorVersion;
				minimumVersion = 5.1.0;
			};
		};
		37E1C5352E5B4C7200D9D687 /* XCRemoteSwiftPackageReference "SwiftLint" */ = {
			isa = XCRemoteSwiftPackageReference;
			repositoryURL = "https://github.com/realm/SwiftLint.git";
			requirement = {
				kind = upToNextMajorVersion;
				minimumVersion = 0.59.1;
			};
		};
/* End XCRemoteSwiftPackageReference section */

/* Begin XCSwiftPackageProductDependency section */
		37426AE62E6B582A000A7C74 /* IQKeyboardManagerSwift */ = {
			isa = XCSwiftPackageProductDependency;
			package = 37426AE52E6B582A000A7C74 /* XCRemoteSwiftPackageReference "IQKeyboardManager" */;
			productName = IQKeyboardManagerSwift;
		};
		37E1C50F2E5B454A00D9D687 /* SnapKit */ = {
			isa = XCSwiftPackageProductDependency;
			package = 37E1C50E2E5B454A00D9D687 /* XCRemoteSwiftPackageReference "SnapKit" */;
			productName = SnapKit;
		};
		37E1C5122E5B455900D9D687 /* Then */ = {
			isa = XCSwiftPackageProductDependency;
			package = 37E1C5112E5B455900D9D687 /* XCRemoteSwiftPackageReference "Then" */;
			productName = Then;
		};
		37E1C5152E5B457200D9D687 /* Alamofire */ = {
			isa = XCSwiftPackageProductDependency;
			package = 37E1C5142E5B457200D9D687 /* XCRemoteSwiftPackageReference "Alamofire" */;
			productName = Alamofire;
		};
		37E1C5182E5B45AB00D9D687 /* RxCocoa */ = {
			isa = XCSwiftPackageProductDependency;
			package = 37E1C5172E5B45AB00D9D687 /* XCRemoteSwiftPackageReference "RxSwift" */;
			productName = RxCocoa;
		};
		37E1C51A2E5B45AB00D9D687 /* RxSwift */ = {
			isa = XCSwiftPackageProductDependency;
			package = 37E1C5172E5B45AB00D9D687 /* XCRemoteSwiftPackageReference "RxSwift" */;
			productName = RxSwift;
		};
		37E1C51D2E5B45BB00D9D687 /* ReactorKit */ = {
			isa = XCSwiftPackageProductDependency;
			package = 37E1C51C2E5B45BB00D9D687 /* XCRemoteSwiftPackageReference "ReactorKit" */;
			productName = ReactorKit;
		};
		37E1C5202E5B45CB00D9D687 /* Kingfisher */ = {
			isa = XCSwiftPackageProductDependency;
			package = 37E1C51F2E5B45CB00D9D687 /* XCRemoteSwiftPackageReference "Kingfisher" */;
			productName = Kingfisher;
		};
		37E1C5232E5B45FA00D9D687 /* DGCharts */ = {
			isa = XCSwiftPackageProductDependency;
			package = 37E1C5222E5B45FA00D9D687 /* XCRemoteSwiftPackageReference "Charts" */;
			productName = DGCharts;
		};
/* End XCSwiftPackageProductDependency section */
	};
	rootObject = 37E1C4EE2E5B444500D9D687 /* Project object */;
}
